# THIS IS AN AUTOGENERATED FILE. DO NOT EDIT THIS FILE DIRECTLY.
# yarn lockfile v1


jquery@>=1.7.0:
  version "3.4.1"
  resolved "https://registry.yarnpkg.com/jquery/-/jquery-3.4.1.tgz#714f1f8d9dde4bdfa55764ba37ef214630d80ef2"
  integrity sha512-36+AdBzCL+y6qjw5Tx7HgzeGCzC81MDDgaUP8ld2zhx58HdqXGoBd+tHdrBMiyjGQs0Hxs/MLZTu/eHNJJuWPw==

lg-autoplay@^1.0.4:
  version "1.0.4"
  resolved "https://registry.yarnpkg.com/lg-autoplay/-/lg-autoplay-1.0.4.tgz#2591ea2b84043a5cd5d8cb1969c502921a77ba2c"
  integrity sha1-JZHqK4QEOlzV2MsZacUCkhp3uiw=
  dependencies:
    jquery ">=1.7.0"

lg-fullscreen@^1.1.0:
  version "1.1.0"
  resolved "https://registry.yarnpkg.com/lg-fullscreen/-/lg-fullscreen-1.1.0.tgz#763d54093759ea2ea9eafd5ff1275e58422291e1"
  integrity sha512-Sh2mZMR8QYrYNgKcCwbACs3LO8OQg6puisIMDkd4ULEJicCt0zLZ9aT4YgNhcYMYBXAU2sHwbjHJjF7TxVT3hw==
  dependencies:
    jquery ">=1.7.0"

lg-hash@^1.0.4:
  version "1.0.4"
  resolved "https://registry.yarnpkg.com/lg-hash/-/lg-hash-1.0.4.tgz#ce9bb23426b23110e1feb4ecea1fb8a45d3104f8"
  integrity sha1-zpuyNCayMRDh/rTs6h+4pF0xBPg=
  dependencies:
    jquery ">=1.7.0"

lg-pager@^1.0.2:
  version "1.0.2"
  resolved "https://registry.yarnpkg.com/lg-pager/-/lg-pager-1.0.2.tgz#e9d928de8f9fa440151d0eab8265dcfb9accb041"
  integrity sha1-6dko3o+fpEAVHQ6rgmXc+5rMsEE=
  dependencies:
    jquery ">=1.7.0"

lg-share@^1.1.0:
  version "1.1.0"
  resolved "https://registry.yarnpkg.com/lg-share/-/lg-share-1.1.0.tgz#d903680634f4b8ddf45d07b1985b2e776aefd398"
  integrity sha1-2QNoBjT0uN30XQexmFsud2rv05g=
  dependencies:
    jquery ">=1.7.0"

lg-thumbnail@^1.1.0:
  version "1.1.0"
  resolved "https://registry.yarnpkg.com/lg-thumbnail/-/lg-thumbnail-1.1.0.tgz#91344d9cca35807d44f9f8346d04589c15cc16b2"
  integrity sha1-kTRNnMo1gH1E+fg0bQRYnBXMFrI=
  dependencies:
    jquery ">=1.7.0"

lg-video@^1.2.2:
  version "1.2.2"
  resolved "https://registry.yarnpkg.com/lg-video/-/lg-video-1.2.2.tgz#f9d0a320d20bafb126a40edb35790d3aba3ef41b"
  integrity sha1-+dCjINILr7EmpA7bNXkNOro+9Bs=
  dependencies:
    jquery ">=1.7.0"

lg-zoom@^1.1.0:
  version "1.1.0"
  resolved "https://registry.yarnpkg.com/lg-zoom/-/lg-zoom-1.1.0.tgz#726cdc34748dbd7c1372feedb3017be509e10951"
  integrity sha1-cmzcNHSNvXwTcv7tswF75QnhCVE=
  dependencies:
    jquery ">=1.7.0"

lightgallery@^1.6.12:
  version "1.6.12"
  resolved "https://registry.yarnpkg.com/lightgallery/-/lightgallery-1.6.12.tgz#c024428d1488969075dc551a85dddf905adb0e4b"
  integrity sha512-t8hIgZc3ZvGW9pG8Bd68bXcUj7FWGewaroT7ADYo2fvQTgkqcMMLtXw9yQclS7BF0soadA0B6BN3MWOEiS2pYA==
  dependencies:
    jquery ">=1.7.0"
